
Microsoft Visual Studio Solution File, Format Version 12.00
# Visual Studio Version 16
VisualStudioVersion = 16.0.808.8
MinimumVisualStudioVersion = 10.0.40219.1
Project("{FAE04EC0-301F-11D3-BF4B-00C04F79EFBC}") = "newkvapp", "newkvapp.csproj", "{C71E38F9-2493-4D09-94F4-D0DF15380134}"
EndProject
Global
	GlobalSection(SolutionConfigurationPlatforms) = preSolution
		Debug|Any CPU = Debug|Any CPU
		Release|Any CPU = Release|Any CPU
	EndGlobalSection
	GlobalSection(ProjectConfigurationPlatforms) = postSolution
		{C71E38F9-2493-4D09-94F4-D0DF15380134}.Debug|Any CPU.ActiveCfg = Debug|Any CPU
		{C71E38F9-2493-4D09-94F4-D0DF15380134}.Debug|Any CPU.Build.0 = Debug|Any CPU
		{C71E38F9-2493-4D09-94F4-D0DF15380134}.Release|Any CPU.ActiveCfg = Release|Any CPU
		{C71E38F9-2493-4D09-94F4-D0DF15380134}.Release|Any CPU.Build.0 = Release|Any CPU
	EndGlobalSection
	GlobalSection(SolutionProperties) = preSolution
		HideSolutionNode = FALSE
	EndGlobalSection
	GlobalSection(ExtensibilityGlobals) = postSolution
		SolutionGuid = {D6B618FB-C591-4400-BD01-363686E12741}
	EndGlobalSection
EndGlobal
